# THIS IS AN AUTOGENERATED FILE. DO NOT EDIT THIS FILE DIRECTLY.
# yarn lockfile v1


"@tootallnate/once@2":
  version "2.0.0"
  resolved "https://registry.npmmirror.com/@tootallnate/once/download/@tootallnate/once-2.0.0.tgz?cache=0&sync_timestamp=1632734046275&other_urls=https%3A%2F%2Fregistry.npmmirror.com%2F%40tootallnate%2Fonce%2Fdownload%2F%40tootallnate%2Fonce-2.0.0.tgz#f544a148d3ab35801c1f633a7441fd87c2e484bf"
  integrity sha1-9UShSNOrNYAcH2M6dEH9h8LkhL8=

abab@^2.0.3, abab@^2.0.5:
  version "2.0.5"
  resolved "https://registry.npm.taobao.org/abab/download/abab-2.0.5.tgz#c0b678fb32d60fc1219c784d6a826fe385aeb79a"
  integrity sha1-wLZ4+zLWD8EhnHhNaoJv44Wut5o=

acorn-globals@^6.0.0:
  version "6.0.0"
  resolved "https://registry.npm.taobao.org/acorn-globals/download/acorn-globals-6.0.0.tgz#46cdd39f0f8ff08a876619b55f5ac8a6dc770b45"
  integrity sha1-Rs3Tnw+P8IqHZhm1X1rIptx3C0U=
  dependencies:
    acorn "^7.1.1"
    acorn-walk "^7.1.1"

acorn-walk@^7.1.1:
  version "7.2.0"
  resolved "https://registry.nlark.com/acorn-walk/download/acorn-walk-7.2.0.tgz?cache=0&sync_timestamp=1630916588767&other_urls=https%3A%2F%2Fregistry.nlark.com%2Facorn-walk%2Fdownload%2Facorn-walk-7.2.0.tgz#0de889a601203909b0fbe07b8938dc21d2e967bc"
  integrity sha1-DeiJpgEgOQmw++B7iTjcIdLpZ7w=

acorn@^7.1.1:
  version "7.4.1"
  resolved "https://registry.npmmirror.com/acorn/download/acorn-7.4.1.tgz?cache=0&sync_timestamp=1637225522161&other_urls=https%3A%2F%2Fregistry.npmmirror.com%2Facorn%2Fdownload%2Facorn-7.4.1.tgz#feaed255973d2e77555b83dbc08851a6c63520fa"
  integrity sha1-/q7SVZc9LndVW4PbwIhRpsY1IPo=

acorn@^8.5.0:
  version "8.6.0"
  resolved "https://registry.npmmirror.com/acorn/download/acorn-8.6.0.tgz?cache=0&sync_timestamp=1637225522161&other_urls=https%3A%2F%2Fregistry.npmmirror.com%2Facorn%2Fdownload%2Facorn-8.6.0.tgz#e3692ba0eb1a0c83eaa4f37f5fa7368dd7142895"
  integrity sha512-U1riIR+lBSNi3IbxtaHOIKdH8sLFv3NYfNv8sg7ZsNhcfl4HF2++BfqqrNAxoCLQW1iiylOj76ecnaUxz+z9yw==

agent-base@6:
  version "6.0.2"
  resolved "https://registry.npm.taobao.org/agent-base/download/agent-base-6.0.2.tgz#49fff58577cfee3f37176feab4c22e00f86d7f77"
  integrity sha1-Sf/1hXfP7j83F2/qtMIuAPhtf3c=
  dependencies:
    debug "4"

asynckit@^0.4.0:
  version "0.4.0"
  resolved "https://registry.nlark.com/asynckit/download/asynckit-0.4.0.tgz#c79ed97f7f34cb8f2ba1bc9790bcc366474b4b79"
  integrity sha1-x57Zf380y48robyXkLzDZkdLS3k=

browser-process-hrtime@^1.0.0:
  version "1.0.0"
  resolved "https://registry.npm.taobao.org/browser-process-hrtime/download/browser-process-hrtime-1.0.0.tgz#3c9b4b7d782c8121e56f10106d84c0d0ffc94626"
  integrity sha1-PJtLfXgsgSHlbxAQbYTA0P/JRiY=

combined-stream@^1.0.8:
  version "1.0.8"
  resolved "https://registry.npm.taobao.org/combined-stream/download/combined-stream-1.0.8.tgz#c3d45a8b34fd730631a110a8a2520682b31d5a7f"
  integrity sha1-w9RaizT9cwYxoRCoolIGgrMdWn8=
  dependencies:
    delayed-stream "~1.0.0"

cssom@^0.5.0:
  version "0.5.0"
  resolved "https://registry.nlark.com/cssom/download/cssom-0.5.0.tgz#d254fa92cd8b6fbd83811b9fbaed34663cc17c36"
  integrity sha1-0lT6ks2Lb72DgRufuu00ZjzBfDY=

cssom@~0.3.6:
  version "0.3.8"
  resolved "https://registry.nlark.com/cssom/download/cssom-0.3.8.tgz#9f1276f5b2b463f2114d3f2c75250af8c1a36f4a"
  integrity sha1-nxJ29bK0Y/IRTT8sdSUK+MGjb0o=

cssstyle@^2.3.0:
  version "2.3.0"
  resolved "https://registry.npm.taobao.org/cssstyle/download/cssstyle-2.3.0.tgz#ff665a0ddbdc31864b09647f34163443d90b0852"
  integrity sha1-/2ZaDdvcMYZLCWR/NBY0Q9kLCFI=
  dependencies:
    cssom "~0.3.6"

data-urls@^3.0.1:
  version "3.0.1"
  resolved "https://registry.npmmirror.com/data-urls/download/data-urls-3.0.1.tgz#597fc2ae30f8bc4dbcf731fcd1b1954353afc6f8"
  integrity sha1-WX/CrjD4vE289zH80bGVQ1Ovxvg=
  dependencies:
    abab "^2.0.3"
    whatwg-mimetype "^3.0.0"
    whatwg-url "^10.0.0"

debug@4:
  version "4.3.3"
  resolved "https://registry.npmmirror.com/debug/download/debug-4.3.3.tgz#04266e0b70a98d4462e6e288e38259213332b664"
  integrity sha512-/zxw5+vh1Tfv+4Qn7a5nsbcJKPaSvCDhojn6FEl9vupwK2VCSDtEiEtqr8DFtzYFOdz63LBkxec7DYuc2jon6Q==
  dependencies:
    ms "2.1.2"

decimal.js@^10.3.1:
  version "10.3.1"
  resolved "https://registry.nlark.com/decimal.js/download/decimal.js-10.3.1.tgz#d8c3a444a9c6774ba60ca6ad7261c3a94fd5e783"
  integrity sha1-2MOkRKnGd0umDKatcmHDqU/V54M=

deep-is@~0.1.3:
  version "0.1.4"
  resolved "https://registry.nlark.com/deep-is/download/deep-is-0.1.4.tgz#a6f2dce612fadd2ef1f519b73551f17e85199831"
  integrity sha1-pvLc5hL63S7x9Rm3NVHxfoUZmDE=

delayed-stream@~1.0.0:
  version "1.0.0"
  resolved "https://registry.npm.taobao.org/delayed-stream/download/delayed-stream-1.0.0.tgz#df3ae199acadfb7d440aaae0b29e2272b24ec619"
  integrity sha1-3zrhmayt+31ECqrgsp4icrJOxhk=

domexception@^4.0.0:
  version "4.0.0"
  resolved "https://registry.npmmirror.com/domexception/download/domexception-4.0.0.tgz?cache=0&sync_timestamp=1633538737274&other_urls=https%3A%2F%2Fregistry.npmmirror.com%2Fdomexception%2Fdownload%2Fdomexception-4.0.0.tgz#4ad1be56ccadc86fc76d033353999a8037d03673"
  integrity sha1-StG+VsytyG/HbQMzU5magDfQNnM=
  dependencies:
    webidl-conversions "^7.0.0"

escodegen@^2.0.0:
  version "2.0.0"
  resolved "https://registry.npm.taobao.org/escodegen/download/escodegen-2.0.0.tgz#5e32b12833e8aa8fa35e1bf0befa89380484c7dd"
  integrity sha1-XjKxKDPoqo+jXhvwvvqJOASEx90=
  dependencies:
    esprima "^4.0.1"
    estraverse "^5.2.0"
    esutils "^2.0.2"
    optionator "^0.8.1"
  optionalDependencies:
    source-map "~0.6.1"

esprima@^4.0.1:
  version "4.0.1"
  resolved "https://registry.npm.taobao.org/esprima/download/esprima-4.0.1.tgz#13b04cdb3e6c5d19df91ab6987a8695619b0aa71"
  integrity sha1-E7BM2z5sXRnfkatph6hpVhmwqnE=

estraverse@^5.2.0:
  version "5.3.0"
  resolved "https://registry.npmmirror.com/estraverse/download/estraverse-5.3.0.tgz?cache=0&sync_timestamp=1635237716974&other_urls=https%3A%2F%2Fregistry.npmmirror.com%2Festraverse%2Fdownload%2Festraverse-5.3.0.tgz#2eea5290702f26ab8fe5370370ff86c965d21123"
  integrity sha1-LupSkHAvJquP5TcDcP+GyWXSESM=

esutils@^2.0.2:
  version "2.0.3"
  resolved "https://registry.npm.taobao.org/esutils/download/esutils-2.0.3.tgz#74d2eb4de0b8da1293711910d50775b9b710ef64"
  integrity sha1-dNLrTeC42hKTcRkQ1Qd1ubcQ72Q=

fast-levenshtein@~2.0.6:
  version "2.0.6"
  resolved "https://registry.npm.taobao.org/fast-levenshtein/download/fast-levenshtein-2.0.6.tgz?cache=0&sync_timestamp=1603803625693&other_urls=https%3A%2F%2Fregistry.npm.taobao.org%2Ffast-levenshtein%2Fdownload%2Ffast-levenshtein-2.0.6.tgz#3d8a5c66883a16a30ca8643e851f19baa7797917"
  integrity sha1-PYpcZog6FqMMqGQ+hR8Zuqd5eRc=

form-data@^4.0.0:
  version "4.0.0"
  resolved "https://registry.npm.taobao.org/form-data/download/form-data-4.0.0.tgz#93919daeaf361ee529584b9b31664dc12c9fa452"
  integrity sha1-k5Gdrq82HuUpWEubMWZNwSyfpFI=
  dependencies:
    asynckit "^0.4.0"
    combined-stream "^1.0.8"
    mime-types "^2.1.12"

html-encoding-sniffer@^3.0.0:
  version "3.0.0"
  resolved "https://registry.nlark.com/html-encoding-sniffer/download/html-encoding-sniffer-3.0.0.tgz?cache=0&sync_timestamp=1632005670807&other_urls=https%3A%2F%2Fregistry.nlark.com%2Fhtml-encoding-sniffer%2Fdownload%2Fhtml-encoding-sniffer-3.0.0.tgz#2cb1a8cf0db52414776e5b2a7a04d5dd98158de9"
  integrity sha1-LLGozw21JBR3blsqegTV3ZgVjek=
  dependencies:
    whatwg-encoding "^2.0.0"

http-proxy-agent@^5.0.0:
  version "5.0.0"
  resolved "https://registry.npmmirror.com/http-proxy-agent/download/http-proxy-agent-5.0.0.tgz#5129800203520d434f142bc78ff3c170800f2b43"
  integrity sha1-USmAAgNSDUNPFCvHj/PBcIAPK0M=
  dependencies:
    "@tootallnate/once" "2"
    agent-base "6"
    debug "4"

https-proxy-agent@^5.0.0:
  version "5.0.0"
  resolved "https://registry.npm.taobao.org/https-proxy-agent/download/https-proxy-agent-5.0.0.tgz#e2a90542abb68a762e0a0850f6c9edadfd8506b2"
  integrity sha1-4qkFQqu2inYuCghQ9sntrf2FBrI=
  dependencies:
    agent-base "6"
    debug "4"

iconv-lite@0.6.3:
  version "0.6.3"
  resolved "https://registry.nlark.com/iconv-lite/download/iconv-lite-0.6.3.tgz?cache=0&other_urls=https%3A%2F%2Fregistry.nlark.com%2Ficonv-lite%2Fdownload%2Ficonv-lite-0.6.3.tgz#a52f80bf38da1952eb5c681790719871a1a72501"
  integrity sha1-pS+AvzjaGVLrXGgXkHGYcaGnJQE=
  dependencies:
    safer-buffer ">= 2.1.2 < 3.0.0"

is-potential-custom-element-name@^1.0.1:
  version "1.0.1"
  resolved "https://registry.npm.taobao.org/is-potential-custom-element-name/download/is-potential-custom-element-name-1.0.1.tgz?cache=0&sync_timestamp=1617781844353&other_urls=https%3A%2F%2Fregistry.npm.taobao.org%2Fis-potential-custom-element-name%2Fdownload%2Fis-potential-custom-element-name-1.0.1.tgz#171ed6f19e3ac554394edf78caa05784a45bebb5"
  integrity sha1-Fx7W8Z46xVQ5Tt94yqBXhKRb67U=

jquery@^3.6.0:
  version "3.6.0"
  resolved "https://registry.npmmirror.com/jquery/download/jquery-3.6.0.tgz#c72a09f15c1bdce142f49dbf1170bdf8adac2470"
  integrity sha512-JVzAR/AjBvVt2BmYhxRCSYysDsPcssdmTFnzyLEts9qNwmjmu4JTAMYubEfwVOSwpQ1I1sKKFcxhZCI2buerfw==

"jsdom@>= 0.1.0":
  version "19.0.0"
  resolved "https://registry.npmmirror.com/jsdom/download/jsdom-19.0.0.tgz#93e67c149fe26816d38a849ea30ac93677e16b6a"
  integrity sha512-RYAyjCbxy/vri/CfnjUWJQQtZ3LKlLnDqj+9XLNnJPgEGeirZs3hllKR20re8LUZ6o1b1X4Jat+Qd26zmP41+A==
  dependencies:
    abab "^2.0.5"
    acorn "^8.5.0"
    acorn-globals "^6.0.0"
    cssom "^0.5.0"
    cssstyle "^2.3.0"
    data-urls "^3.0.1"
    decimal.js "^10.3.1"
    domexception "^4.0.0"
    escodegen "^2.0.0"
    form-data "^4.0.0"
    html-encoding-sniffer "^3.0.0"
    http-proxy-agent "^5.0.0"
    https-proxy-agent "^5.0.0"
    is-potential-custom-element-name "^1.0.1"
    nwsapi "^2.2.0"
    parse5 "6.0.1"
    saxes "^5.0.1"
    symbol-tree "^3.2.4"
    tough-cookie "^4.0.0"
    w3c-hr-time "^1.0.2"
    w3c-xmlserializer "^3.0.0"
    webidl-conversions "^7.0.0"
    whatwg-encoding "^2.0.0"
    whatwg-mimetype "^3.0.0"
    whatwg-url "^10.0.0"
    ws "^8.2.3"
    xml-name-validator "^4.0.0"

levn@~0.3.0:
  version "0.3.0"
  resolved "https://registry.npm.taobao.org/levn/download/levn-0.3.0.tgz#3b09924edf9f083c0490fdd4c0bc4421e04764ee"
  integrity sha1-OwmSTt+fCDwEkP3UwLxEIeBHZO4=
  dependencies:
    prelude-ls "~1.1.2"
    type-check "~0.3.2"

mime-db@1.51.0:
  version "1.51.0"
  resolved "https://registry.npmmirror.com/mime-db/download/mime-db-1.51.0.tgz?cache=0&sync_timestamp=1636425960296&other_urls=https%3A%2F%2Fregistry.npmmirror.com%2Fmime-db%2Fdownload%2Fmime-db-1.51.0.tgz#d9ff62451859b18342d960850dc3cfb77e63fb0c"
  integrity sha512-5y8A56jg7XVQx2mbv1lu49NR4dokRnhZYTtL+KGfaa27uq4pSTXkwQkFJl4pkRMyNFz/EtYDSkiiEHx3F7UN6g==

mime-types@^2.1.12:
  version "2.1.34"
  resolved "https://registry.npmmirror.com/mime-types/download/mime-types-2.1.34.tgz?cache=0&sync_timestamp=1636432302620&other_urls=https%3A%2F%2Fregistry.npmmirror.com%2Fmime-types%2Fdownload%2Fmime-types-2.1.34.tgz#5a712f9ec1503511a945803640fafe09d3793c24"
  integrity sha512-6cP692WwGIs9XXdOO4++N+7qjqv0rqxxVvJ3VHPh/Sc9mVZcQP+ZGhkKiTvWMQRr2tbHkJP/Yn7Y0npb3ZBs4A==
  dependencies:
    mime-db "1.51.0"

ms@2.1.2:
  version "2.1.2"
  resolved "https://registry.npmmirror.com/ms/download/ms-2.1.2.tgz#d09d1f357b443f493382a8eb3ccd183872ae6009"
  integrity sha1-0J0fNXtEP0kzgqjrPM0YOHKuYAk=

nwsapi@^2.2.0:
  version "2.2.0"
  resolved "https://registry.npm.taobao.org/nwsapi/download/nwsapi-2.2.0.tgz#204879a9e3d068ff2a55139c2c772780681a38b7"
  integrity sha1-IEh5qePQaP8qVROcLHcngGgaOLc=

optionator@^0.8.1:
  version "0.8.3"
  resolved "https://registry.npm.taobao.org/optionator/download/optionator-0.8.3.tgz#84fa1d036fe9d3c7e21d99884b601167ec8fb495"
  integrity sha1-hPodA2/p08fiHZmIS2ARZ+yPtJU=
  dependencies:
    deep-is "~0.1.3"
    fast-levenshtein "~2.0.6"
    levn "~0.3.0"
    prelude-ls "~1.1.2"
    type-check "~0.3.2"
    word-wrap "~1.2.3"

parse5@6.0.1:
  version "6.0.1"
  resolved "https://registry.npm.taobao.org/parse5/download/parse5-6.0.1.tgz#e1a1c085c569b3dc08321184f19a39cc27f7c30b"
  integrity sha1-4aHAhcVps9wIMhGE8Zo5zCf3wws=

prelude-ls@~1.1.2:
  version "1.1.2"
  resolved "https://registry.nlark.com/prelude-ls/download/prelude-ls-1.1.2.tgz#21932a549f5e52ffd9a827f570e04be62a97da54"
  integrity sha1-IZMqVJ9eUv/ZqCf1cOBL5iqX2lQ=

psl@^1.1.33:
  version "1.8.0"
  resolved "https://registry.npm.taobao.org/psl/download/psl-1.8.0.tgz#9326f8bcfb013adcc005fdff056acce020e51c24"
  integrity sha1-kyb4vPsBOtzABf3/BWrM4CDlHCQ=

punycode@^2.1.1:
  version "2.1.1"
  resolved "https://registry.npm.taobao.org/punycode/download/punycode-2.1.1.tgz#b58b010ac40c22c5657616c8d2c2c02c7bf479ec"
  integrity sha1-tYsBCsQMIsVldhbI0sLALHv0eew=

query@^0.2.0:
  version "0.2.0"
  resolved "https://registry.npmmirror.com/query/download/query-0.2.0.tgz#da557f609a9a9be2007994d7c5e5c496b79afe53"
  integrity sha1-2lV/YJqam+IAeZTXxeXElrea/lM=
  dependencies:
    jsdom ">= 0.1.0"

"safer-buffer@>= 2.1.2 < 3.0.0":
  version "2.1.2"
  resolved "https://registry.npm.taobao.org/safer-buffer/download/safer-buffer-2.1.2.tgz#44fa161b0187b9549dd84bb91802f9bd8385cd6a"
  integrity sha1-RPoWGwGHuVSd2Eu5GAL5vYOFzWo=

saxes@^5.0.1:
  version "5.0.1"
  resolved "https://registry.npmmirror.com/saxes/download/saxes-5.0.1.tgz?cache=0&sync_timestamp=1636312689375&other_urls=https%3A%2F%2Fregistry.npmmirror.com%2Fsaxes%2Fdownload%2Fsaxes-5.0.1.tgz#eebab953fa3b7608dbe94e5dadb15c888fa6696d"
  integrity sha1-7rq5U/o7dgjb6U5drbFciI+maW0=
  dependencies:
    xmlchars "^2.2.0"

source-map@~0.6.1:
  version "0.6.1"
  resolved "https://registry.npm.taobao.org/source-map/download/source-map-0.6.1.tgz?cache=0&sync_timestamp=1601546737481&other_urls=https%3A%2F%2Fregistry.npm.taobao.org%2Fsource-map%2Fdownload%2Fsource-map-0.6.1.tgz#74722af32e9614e9c287a8d0bbde48b5e2f1a263"
  integrity sha1-dHIq8y6WFOnCh6jQu95IteLxomM=

symbol-tree@^3.2.4:
  version "3.2.4"
  resolved "https://registry.npm.taobao.org/symbol-tree/download/symbol-tree-3.2.4.tgz#430637d248ba77e078883951fb9aa0eed7c63fa2"
  integrity sha1-QwY30ki6d+B4iDlR+5qg7tfGP6I=

tough-cookie@^4.0.0:
  version "4.0.0"
  resolved "https://registry.npm.taobao.org/tough-cookie/download/tough-cookie-4.0.0.tgz#d822234eeca882f991f0f908824ad2622ddbece4"
  integrity sha1-2CIjTuyogvmR8PkIgkrSYi3b7OQ=
  dependencies:
    psl "^1.1.33"
    punycode "^2.1.1"
    universalify "^0.1.2"

tr46@^3.0.0:
  version "3.0.0"
  resolved "https://registry.npmmirror.com/tr46/download/tr46-3.0.0.tgz#555c4e297a950617e8eeddef633c87d4d9d6cbf9"
  integrity sha1-VVxOKXqVBhfo7t3vYzyH1NnWy/k=
  dependencies:
    punycode "^2.1.1"

type-check@~0.3.2:
  version "0.3.2"
  resolved "https://registry.npm.taobao.org/type-check/download/type-check-0.3.2.tgz#5884cab512cf1d355e3fb784f30804b2b520db72"
  integrity sha1-WITKtRLPHTVeP7eE8wgEsrUg23I=
  dependencies:
    prelude-ls "~1.1.2"

universalify@^0.1.2:
  version "0.1.2"
  resolved "https://registry.npm.taobao.org/universalify/download/universalify-0.1.2.tgz#b646f69be3942dabcecc9d6639c80dc105efaa66"
  integrity sha1-tkb2m+OULavOzJ1mOcgNwQXvqmY=

w3c-hr-time@^1.0.2:
  version "1.0.2"
  resolved "https://registry.npm.taobao.org/w3c-hr-time/download/w3c-hr-time-1.0.2.tgz#0a89cdf5cc15822df9c360543676963e0cc308cd"
  integrity sha1-ConN9cwVgi35w2BUNnaWPgzDCM0=
  dependencies:
    browser-process-hrtime "^1.0.0"

w3c-xmlserializer@^3.0.0:
  version "3.0.0"
  resolved "https://registry.nlark.com/w3c-xmlserializer/download/w3c-xmlserializer-3.0.0.tgz#06cdc3eefb7e4d0b20a560a5a3aeb0d2d9a65923"
  integrity sha1-Bs3D7vt+TQsgpWClo66w0tmmWSM=
  dependencies:
    xml-name-validator "^4.0.0"

webidl-conversions@^7.0.0:
  version "7.0.0"
  resolved "https://registry.nlark.com/webidl-conversions/download/webidl-conversions-7.0.0.tgz#256b4e1882be7debbf01d05f0aa2039778ea080a"
  integrity sha1-JWtOGIK+feu/AdBfCqIDl3jqCAo=

whatwg-encoding@^2.0.0:
  version "2.0.0"
  resolved "https://registry.nlark.com/whatwg-encoding/download/whatwg-encoding-2.0.0.tgz?cache=0&sync_timestamp=1631479707600&other_urls=https%3A%2F%2Fregistry.nlark.com%2Fwhatwg-encoding%2Fdownload%2Fwhatwg-encoding-2.0.0.tgz#e7635f597fd87020858626805a2729fa7698ac53"
  integrity sha1-52NfWX/YcCCFhiaAWicp+naYrFM=
  dependencies:
    iconv-lite "0.6.3"

whatwg-mimetype@^3.0.0:
  version "3.0.0"
  resolved "https://registry.nlark.com/whatwg-mimetype/download/whatwg-mimetype-3.0.0.tgz?cache=0&sync_timestamp=1631994501080&other_urls=https%3A%2F%2Fregistry.nlark.com%2Fwhatwg-mimetype%2Fdownload%2Fwhatwg-mimetype-3.0.0.tgz#5fa1a7623867ff1af6ca3dc72ad6b8a4208beba7"
  integrity sha1-X6GnYjhn/xr2yj3HKta4pCCL66c=

whatwg-url@^10.0.0:
  version "10.0.0"
  resolved "https://registry.npmmirror.com/whatwg-url/download/whatwg-url-10.0.0.tgz?cache=0&sync_timestamp=1634673865107&other_urls=https%3A%2F%2Fregistry.npmmirror.com%2Fwhatwg-url%2Fdownload%2Fwhatwg-url-10.0.0.tgz#37264f720b575b4a311bd4094ed8c760caaa05da"
  integrity sha1-NyZPcgtXW0oxG9QJTtjHYMqqBdo=
  dependencies:
    tr46 "^3.0.0"
    webidl-conversions "^7.0.0"

word-wrap@~1.2.3:
  version "1.2.3"
  resolved "https://registry.npm.taobao.org/word-wrap/download/word-wrap-1.2.3.tgz?cache=0&sync_timestamp=1601553314349&other_urls=https%3A%2F%2Fregistry.npm.taobao.org%2Fword-wrap%2Fdownload%2Fword-wrap-1.2.3.tgz#610636f6b1f703891bd34771ccb17fb93b47079c"
  integrity sha1-YQY29rH3A4kb00dxzLF/uTtHB5w=

ws@^8.2.3:
  version "8.4.0"
  resolved "https://registry.npmmirror.com/ws/download/ws-8.4.0.tgz#f05e982a0a88c604080e8581576e2a063802bed6"
  integrity sha512-IHVsKe2pjajSUIl4KYMQOdlyliovpEPquKkqbwswulszzI7r0SfQrxnXdWAEqOlDCLrVSJzo+O1hAwdog2sKSQ==

xml-name-validator@^4.0.0:
  version "4.0.0"
  resolved "https://registry.nlark.com/xml-name-validator/download/xml-name-validator-4.0.0.tgz#79a006e2e63149a8600f15430f0a4725d1524835"
  integrity sha1-eaAG4uYxSahgDxVDDwpHJdFSSDU=

xmlchars@^2.2.0:
  version "2.2.0"
  resolved "https://registry.npm.taobao.org/xmlchars/download/xmlchars-2.2.0.tgz#060fe1bcb7f9c76fe2a17db86a9bc3ab894210cb"
  integrity sha1-Bg/hvLf5x2/ioX24apvDq4lCEMs=
